// !$*UTF8*$!
{
	archiveVersion = 1;
	classes = {
	};
	objectVersion = 48;
	objects = {

/* Begin PBXBuildFile section */
		A42B4DEF1DC4259400189153 /* AppDelegate.swift in Sources */ = {isa = PBXBuildFile; fileRef = A42B4DEE1DC4259400189153 /* AppDelegate.swift */; };
		A42B4DF11DC4259400189153 /* ViewController.swift in Sources */ = {isa = PBXBuildFile; fileRef = A42B4DF01DC4259400189153 /* ViewController.swift */; };
		A42B4DF41DC4259400189153 /* Main.storyboard in Resources */ = {isa = PBXBuildFile; fileRef = A42B4DF21DC4259400189153 /* Main.storyboard */; };
		A42B4DF61DC4259400189153 /* Assets.xcassets in Resources */ = {isa = PBXBuildFile; fileRef = A42B4DF51DC4259400189153 /* Assets.xcassets */; };
		A42B4DF91DC4259400189153 /* LaunchScreen.storyboard in Resources */ = {isa = PBXBuildFile; fileRef = A42B4DF71DC4259400189153 /* LaunchScreen.storyboard */; };
		A42B4E041DC4259400189153 /* SkippoTests.swift in Sources */ = {isa = PBXBuildFile; fileRef = A42B4E031DC4259400189153 /* SkippoTests.swift */; };
		A42B4E0F1DC4259400189153 /* SkippoUITests.swift in Sources */ = {isa = PBXBuildFile; fileRef = A42B4E0E1DC4259400189153 /* SkippoUITests.swift */; };
		A438B9941DC484A7006683A0 /* decision8.mp3 in Resources */ = {isa = PBXBuildFile; fileRef = A438B9931DC484A7006683A0 /* decision8.mp3 */; };
		A461279A1DC5B343008B662F /* Menu.swift in Sources */ = {isa = PBXBuildFile; fileRef = A46127991DC5B343008B662F /* Menu.swift */; };
		A461279C1DC5B34C008B662F /* MenuModel.swift in Sources */ = {isa = PBXBuildFile; fileRef = A461279B1DC5B34C008B662F /* MenuModel.swift */; };
		A461279E1DC5B6D5008B662F /* SwiftyJSON.swift in Sources */ = {isa = PBXBuildFile; fileRef = A461279D1DC5B6D5008B662F /* SwiftyJSON.swift */; };
		A4A410BC1DC43BC4009DEE47 /* ResultViewController.swift in Sources */ = {isa = PBXBuildFile; fileRef = A4A410BB1DC43BC4009DEE47 /* ResultViewController.swift */; };
		A4A410BE1DC43C99009DEE47 /* ResultTableViewCell.swift in Sources */ = {isa = PBXBuildFile; fileRef = A4A410BD1DC43C99009DEE47 /* ResultTableViewCell.swift */; };
		A4A5A7411DCCC6E000FB4856 /* ResultModel.swift in Sources */ = {isa = PBXBuildFile; fileRef = A4A5A7401DCCC6E000FB4856 /* ResultModel.swift */; };
		A4A5A7451DCCCE4100FB4856 /* Total.swift in Sources */ = {isa = PBXBuildFile; fileRef = A4A5A7441DCCCE4100FB4856 /* Total.swift */; };
		A4DD968C1DCC820D00821636 /* QRCodeReader.swift in Sources */ = {isa = PBXBuildFile; fileRef = A4DD96821DCC820D00821636 /* QRCodeReader.swift */; };
		A4DD968D1DCC820D00821636 /* QRCodeReaderResult.swift in Sources */ = {isa = PBXBuildFile; fileRef = A4DD96831DCC820D00821636 /* QRCodeReaderResult.swift */; };
		A4DD968E1DCC820D00821636 /* QRCodeReaderView.swift in Sources */ = {isa = PBXBuildFile; fileRef = A4DD96841DCC820D00821636 /* QRCodeReaderView.swift */; };
		A4DD968F1DCC820D00821636 /* QRCodeReaderViewContainer.swift in Sources */ = {isa = PBXBuildFile; fileRef = A4DD96851DCC820D00821636 /* QRCodeReaderViewContainer.swift */; };
		A4DD96901DCC820D00821636 /* QRCodeReaderViewController.swift in Sources */ = {isa = PBXBuildFile; fileRef = A4DD96861DCC820D00821636 /* QRCodeReaderViewController.swift */; };
		A4DD96911DCC820D00821636 /* QRCodeReaderViewControllerBuilder.swift in Sources */ = {isa = PBXBuildFile; fileRef = A4DD96871DCC820D00821636 /* QRCodeReaderViewControllerBuilder.swift */; };
		A4DD96921DCC820D00821636 /* QRCodeReaderViewControllerDelegate.swift in Sources */ = {isa = PBXBuildFile; fileRef = A4DD96881DCC820D00821636 /* QRCodeReaderViewControllerDelegate.swift */; };
		A4DD96931DCC820D00821636 /* ReaderOverlayView.swift in Sources */ = {isa = PBXBuildFile; fileRef = A4DD96891DCC820D00821636 /* ReaderOverlayView.swift */; };
		A4DD96941DCC820D00821636 /* SwitchCameraButton.swift in Sources */ = {isa = PBXBuildFile; fileRef = A4DD968A1DCC820D00821636 /* SwitchCameraButton.swift */; };
		A4DD96951DCC820D00821636 /* ToggleTorchButton.swift in Sources */ = {isa = PBXBuildFile; fileRef = A4DD968B1DCC820D00821636 /* ToggleTorchButton.swift */; };
		A4FE1ADE1DC46D2D0025AB6D /* UIColor.swift in Sources */ = {isa = PBXBuildFile; fileRef = A4FE1ADD1DC46D2D0025AB6D /* UIColor.swift */; };
		A4FE1AE01DC472830025AB6D /* UIView.swift in Sources */ = {isa = PBXBuildFile; fileRef = A4FE1ADF1DC472830025AB6D /* UIView.swift */; };
/* End PBXBuildFile section */

/* Begin PBXContainerItemProxy section */
		A42B4E001DC4259400189153 /* PBXContainerItemProxy */ = {
			isa = PBXContainerItemProxy;
			containerPortal = A42B4DE31DC4259300189153 /* Project object */;
			proxyType = 1;
			remoteGlobalIDString = A42B4DEA1DC4259300189153;
			remoteInfo = Skippo;
		};
		A42B4E0B1DC4259400189153 /* PBXContainerItemProxy */ = {
			isa = PBXContainerItemProxy;
			containerPortal = A42B4DE31DC4259300189153 /* Project object */;
			proxyType = 1;
			remoteGlobalIDString = A42B4DEA1DC4259300189153;
			remoteInfo = Skippo;
		};
/* End PBXContainerItemProxy section */

/* Begin PBXFileReference section */
		A42B4DEE1DC4259400189153 /* AppDelegate.swift */ = {isa = PBXFileReference; lastKnownFileType = sourcecode.swift; path = AppDelegate.swift; sourceTree = "<group>"; };
		A42B4DF01DC4259400189153 /* ViewController.swift */ = {isa = PBXFileReference; lastKnownFileType = sourcecode.swift; path = ViewController.swift; sourceTree = "<group>"; };
		A42B4DF31DC4259400189153 /* Base */ = {isa = PBXFileReference; lastKnownFileType = file.storyboard; name = Base; path = Base.lproj/Main.storyboard; sourceTree = "<group>"; };
		A42B4DF51DC4259400189153 /* Assets.xcassets */ = {isa = PBXFileReference; lastKnownFileType = folder.assetcatalog; path = Assets.xcassets; sourceTree = "<group>"; };
		A42B4DF81DC4259400189153 /* Base */ = {isa = PBXFileReference; lastKnownFileType = file.storyboard; name = Base; path = Base.lproj/LaunchScreen.storyboard; sourceTree = "<group>"; };
		A42B4DFA1DC4259400189153 /* Info.plist */ = {isa = PBXFileReference; lastKnownFileType = text.plist.xml; path = Info.plist; sourceTree = "<group>"; };
		A42B4E031DC4259400189153 /* SkippoTests.swift */ = {isa = PBXFileReference; lastKnownFileType = sourcecode.swift; path = SkippoTests.swift; sourceTree = "<group>"; };
		A42B4E051DC4259400189153 /* Info.plist */ = {isa = PBXFileReference; lastKnownFileType = text.plist.xml; path = Info.plist; sourceTree = "<group>"; };
		A42B4E0E1DC4259400189153 /* SkippoUITests.swift */ = {isa = PBXFileReference; lastKnownFileType = sourcecode.swift; path = SkippoUITests.swift; sourceTree = "<group>"; };
		A42B4E101DC4259400189153 /* Info.plist */ = {isa = PBXFileReference; lastKnownFileType = text.plist.xml; path = Info.plist; sourceTree = "<group>"; };
		A438B9931DC484A7006683A0 /* decision8.mp3 */ = {isa = PBXFileReference; lastKnownFileType = audio.mp3; path = decision8.mp3; sourceTree = "<group>"; };
		A46127991DC5B343008B662F /* Menu.swift */ = {isa = PBXFileReference; fileEncoding = 4; lastKnownFileType = sourcecode.swift; path = Menu.swift; sourceTree = "<group>"; };
		A461279B1DC5B34C008B662F /* MenuModel.swift */ = {isa = PBXFileReference; fileEncoding = 4; lastKnownFileType = sourcecode.swift; path = MenuModel.swift; sourceTree = "<group>"; };
		A461279D1DC5B6D5008B662F /* SwiftyJSON.swift */ = {isa = PBXFileReference; fileEncoding = 4; lastKnownFileType = sourcecode.swift; path = SwiftyJSON.swift; sourceTree = "<group>"; };
		A4A410BB1DC43BC4009DEE47 /* ResultViewController.swift */ = {isa = PBXFileReference; fileEncoding = 4; lastKnownFileType = sourcecode.swift; path = ResultViewController.swift; sourceTree = "<group>"; };
		A4A410BD1DC43C99009DEE47 /* ResultTableViewCell.swift */ = {isa = PBXFileReference; fileEncoding = 4; lastKnownFileType = sourcecode.swift; path = ResultTableViewCell.swift; sourceTree = "<group>"; };
		A4A5A73E1DCCBCBA00FB4856 /* SkippoTests.xctest */ = {isa = PBXFileReference; explicitFileType = wrapper.cfbundle; includeInIndex = 0; path = SkippoTests.xctest; sourceTree = BUILT_PRODUCTS_DIR; };
		A4A5A73F1DCCBCBA00FB4856 /* SkippoUITests.xctest */ = {isa = PBXFileReference; explicitFileType = wrapper.cfbundle; includeInIndex = 0; path = SkippoUITests.xctest; sourceTree = BUILT_PRODUCTS_DIR; };
		A4A5A7401DCCC6E000FB4856 /* ResultModel.swift */ = {isa = PBXFileReference; fileEncoding = 4; lastKnownFileType = sourcecode.swift; path = ResultModel.swift; sourceTree = "<group>"; };
		A4A5A7441DCCCE4100FB4856 /* Total.swift */ = {isa = PBXFileReference; fileEncoding = 4; lastKnownFileType = sourcecode.swift; path = Total.swift; sourceTree = "<group>"; };
		A4DD96821DCC820D00821636 /* QRCodeReader.swift */ = {isa = PBXFileReference; fileEncoding = 4; lastKnownFileType = sourcecode.swift; path = QRCodeReader.swift; sourceTree = "<group>"; };
		A4DD96831DCC820D00821636 /* QRCodeReaderResult.swift */ = {isa = PBXFileReference; fileEncoding = 4; lastKnownFileType = sourcecode.swift; path = QRCodeReaderResult.swift; sourceTree = "<group>"; };
		A4DD96841DCC820D00821636 /* QRCodeReaderView.swift */ = {isa = PBXFileReference; fileEncoding = 4; lastKnownFileType = sourcecode.swift; path = QRCodeReaderView.swift; sourceTree = "<group>"; };
		A4DD96851DCC820D00821636 /* QRCodeReaderViewContainer.swift */ = {isa = PBXFileReference; fileEncoding = 4; lastKnownFileType = sourcecode.swift; path = QRCodeReaderViewContainer.swift; sourceTree = "<group>"; };
		A4DD96861DCC820D00821636 /* QRCodeReaderViewController.swift */ = {isa = PBXFileReference; fileEncoding = 4; lastKnownFileType = sourcecode.swift; path = QRCodeReaderViewController.swift; sourceTree = "<group>"; };
		A4DD96871DCC820D00821636 /* QRCodeReaderViewControllerBuilder.swift */ = {isa = PBXFileReference; fileEncoding = 4; lastKnownFileType = sourcecode.swift; path = QRCodeReaderViewControllerBuilder.swift; sourceTree = "<group>"; };
		A4DD96881DCC820D00821636 /* QRCodeReaderViewControllerDelegate.swift */ = {isa = PBXFileReference; fileEncoding = 4; lastKnownFileType = sourcecode.swift; path = QRCodeReaderViewControllerDelegate.swift; sourceTree = "<group>"; };
		A4DD96891DCC820D00821636 /* ReaderOverlayView.swift */ = {isa = PBXFileReference; fileEncoding = 4; lastKnownFileType = sourcecode.swift; path = ReaderOverlayView.swift; sourceTree = "<group>"; };
		A4DD968A1DCC820D00821636 /* SwitchCameraButton.swift */ = {isa = PBXFileReference; fileEncoding = 4; lastKnownFileType = sourcecode.swift; path = SwitchCameraButton.swift; sourceTree = "<group>"; };
		A4DD968B1DCC820D00821636 /* ToggleTorchButton.swift */ = {isa = PBXFileReference; fileEncoding = 4; lastKnownFileType = sourcecode.swift; path = ToggleTorchButton.swift; sourceTree = "<group>"; };
		A4DD96961DCC82AE00821636 /* Skippo.app */ = {isa = PBXFileReference; explicitFileType = wrapper.application; includeInIndex = 0; path = Skippo.app; sourceTree = BUILT_PRODUCTS_DIR; };
		A4FE1ADD1DC46D2D0025AB6D /* UIColor.swift */ = {isa = PBXFileReference; fileEncoding = 4; lastKnownFileType = sourcecode.swift; path = UIColor.swift; sourceTree = "<group>"; };
		A4FE1ADF1DC472830025AB6D /* UIView.swift */ = {isa = PBXFileReference; fileEncoding = 4; lastKnownFileType = sourcecode.swift; path = UIView.swift; sourceTree = "<group>"; };
/* End PBXFileReference section */

/* Begin PBXFrameworksBuildPhase section */
		A42B4DE81DC4259300189153 /* Frameworks */ = {
			isa = PBXFrameworksBuildPhase;
			buildActionMask = 2147483647;
			files = (
			);
			runOnlyForDeploymentPostprocessing = 0;
		};
		A42B4DFC1DC4259400189153 /* Frameworks */ = {
			isa = PBXFrameworksBuildPhase;
			buildActionMask = 2147483647;
			files = (
			);
			runOnlyForDeploymentPostprocessing = 0;
		};
		A42B4E071DC4259400189153 /* Frameworks */ = {
			isa = PBXFrameworksBuildPhase;
			buildActionMask = 2147483647;
			files = (
			);
			runOnlyForDeploymentPostprocessing = 0;
		};
/* End PBXFrameworksBuildPhase section */

/* Begin PBXGroup section */
		A42B4DE21DC4259300189153 = {
			isa = PBXGroup;
			children = (
				A42B4DED1DC4259400189153 /* Skippo */,
				A42B4E021DC4259400189153 /* SkippoTests */,
				A42B4E0D1DC4259400189153 /* SkippoUITests */,
				A4DD96961DCC82AE00821636 /* Skippo.app */,
				A4A5A73E1DCCBCBA00FB4856 /* SkippoTests.xctest */,
				A4A5A73F1DCCBCBA00FB4856 /* SkippoUITests.xctest */,
			);
			sourceTree = "<group>";
		};
		A42B4DED1DC4259400189153 /* Skippo */ = {
			isa = PBXGroup;
			children = (
				A4DD96811DCC81F000821636 /* QRCodeReader */,
				A42B4DEE1DC4259400189153 /* AppDelegate.swift */,
				A4FE1ADD1DC46D2D0025AB6D /* UIColor.swift */,
				A42B4DF01DC4259400189153 /* ViewController.swift */,
				A4FE1ADF1DC472830025AB6D /* UIView.swift */,
				A46127991DC5B343008B662F /* Menu.swift */,
				A461279B1DC5B34C008B662F /* MenuModel.swift */,
				A4A5A7401DCCC6E000FB4856 /* ResultModel.swift */,
				A4A5A7441DCCCE4100FB4856 /* Total.swift */,
				A42B4DF21DC4259400189153 /* Main.storyboard */,
				A4A410BB1DC43BC4009DEE47 /* ResultViewController.swift */,
				A4A410BD1DC43C99009DEE47 /* ResultTableViewCell.swift */,
				A461279D1DC5B6D5008B662F /* SwiftyJSON.swift */,
				A438B9931DC484A7006683A0 /* decision8.mp3 */,
				A42B4DF51DC4259400189153 /* Assets.xcassets */,
				A42B4DF71DC4259400189153 /* LaunchScreen.storyboard */,
				A42B4DFA1DC4259400189153 /* Info.plist */,
			);
			path = Skippo;
			sourceTree = "<group>";
		};
		A42B4E021DC4259400189153 /* SkippoTests */ = {
			isa = PBXGroup;
			children = (
				A42B4E031DC4259400189153 /* SkippoTests.swift */,
				A42B4E051DC4259400189153 /* Info.plist */,
			);
			path = SkippoTests;
			sourceTree = "<group>";
		};
		A42B4E0D1DC4259400189153 /* SkippoUITests */ = {
			isa = PBXGroup;
			children = (
				A42B4E0E1DC4259400189153 /* SkippoUITests.swift */,
				A42B4E101DC4259400189153 /* Info.plist */,
			);
			path = SkippoUITests;
			sourceTree = "<group>";
		};
		A4DD96811DCC81F000821636 /* QRCodeReader */ = {
			isa = PBXGroup;
			children = (
				A4DD96821DCC820D00821636 /* QRCodeReader.swift */,
				A4DD96831DCC820D00821636 /* QRCodeReaderResult.swift */,
				A4DD96841DCC820D00821636 /* QRCodeReaderView.swift */,
				A4DD96851DCC820D00821636 /* QRCodeReaderViewContainer.swift */,
				A4DD96861DCC820D00821636 /* QRCodeReaderViewController.swift */,
				A4DD96871DCC820D00821636 /* QRCodeReaderViewControllerBuilder.swift */,
				A4DD96881DCC820D00821636 /* QRCodeReaderViewControllerDelegate.swift */,
				A4DD96891DCC820D00821636 /* ReaderOverlayView.swift */,
				A4DD968A1DCC820D00821636 /* SwitchCameraButton.swift */,
				A4DD968B1DCC820D00821636 /* ToggleTorchButton.swift */,
			);
			name = QRCodeReader;
			sourceTree = "<group>";
		};
/* End PBXGroup section */

/* Begin PBXNativeTarget section */
		A42B4DEA1DC4259300189153 /* Skippo */ = {
			isa = PBXNativeTarget;
			buildConfigurationList = A42B4E131DC4259400189153 /* Build configuration list for PBXNativeTarget "Skippo" */;
			buildPhases = (
				A42B4DE71DC4259300189153 /* Sources */,
				A42B4DE81DC4259300189153 /* Frameworks */,
				A42B4DE91DC4259300189153 /* Resources */,
			);
			buildRules = (
			);
			dependencies = (
			);
			name = Skippo;
			productName = Skippo;
			productReference = A4DD96961DCC82AE00821636 /* Skippo.app */;
			productType = "com.apple.product-type.application";
		};
		A42B4DFE1DC4259400189153 /* SkippoTests */ = {
			isa = PBXNativeTarget;
			buildConfigurationList = A42B4E161DC4259400189153 /* Build configuration list for PBXNativeTarget "SkippoTests" */;
			buildPhases = (
				A42B4DFB1DC4259400189153 /* Sources */,
				A42B4DFC1DC4259400189153 /* Frameworks */,
				A42B4DFD1DC4259400189153 /* Resources */,
			);
			buildRules = (
			);
			dependencies = (
				A42B4E011DC4259400189153 /* PBXTargetDependency */,
			);
			name = SkippoTests;
			productName = SkippoTests;
			productReference = A4A5A73E1DCCBCBA00FB4856 /* SkippoTests.xctest */;
			productType = "com.apple.product-type.bundle.unit-test";
		};
		A42B4E091DC4259400189153 /* SkippoUITests */ = {
			isa = PBXNativeTarget;
			buildConfigurationList = A42B4E191DC4259400189153 /* Build configuration list for PBXNativeTarget "SkippoUITests" */;
			buildPhases = (
				A42B4E061DC4259400189153 /* Sources */,
				A42B4E071DC4259400189153 /* Frameworks */,
				A42B4E081DC4259400189153 /* Resources */,
			);
			buildRules = (
			);
			dependencies = (
				A42B4E0C1DC4259400189153 /* PBXTargetDependency */,
			);
			name = SkippoUITests;
			productName = SkippoUITests;
			productReference = A4A5A73F1DCCBCBA00FB4856 /* SkippoUITests.xctest */;
			productType = "com.apple.product-type.bundle.ui-testing";
		};
/* End PBXNativeTarget section */

/* Begin PBXProject section */
		A42B4DE31DC4259300189153 /* Project object */ = {
			isa = PBXProject;
			attributes = {
				LastSwiftUpdateCheck = 0800;
				LastUpgradeCheck = 0810;
				ORGANIZATIONNAME = maekawakazuma;
				TargetAttributes = {
					A42B4DEA1DC4259300189153 = {
						CreatedOnToolsVersion = 8.0;
						DevelopmentTeam = 2E5E462W28;
						LastSwiftMigration = 0810;
						ProvisioningStyle = Automatic;
					};
					A42B4DFE1DC4259400189153 = {
						CreatedOnToolsVersion = 8.0;
						LastSwiftMigration = 0810;
						ProvisioningStyle = Automatic;
						TestTargetID = A42B4DEA1DC4259300189153;
					};
					A42B4E091DC4259400189153 = {
						CreatedOnToolsVersion = 8.0;
						LastSwiftMigration = 0810;
						ProvisioningStyle = Automatic;
						TestTargetID = A42B4DEA1DC4259300189153;
					};
				};
			};
			buildConfigurationList = A42B4DE61DC4259300189153 /* Build configuration list for PBXProject "Skippo" */;
			compatibilityVersion = "Xcode 8.0";
			developmentRegion = English;
			hasScannedForEncodings = 0;
			knownRegions = (
				en,
				Base,
			);
			mainGroup = A42B4DE21DC4259300189153;
			productRefGroup = A42B4DE21DC4259300189153;
			projectDirPath = "";
			projectRoot = "";
			targets = (
				A42B4DEA1DC4259300189153 /* Skippo */,
				A42B4DFE1DC4259400189153 /* SkippoTests */,
				A42B4E091DC4259400189153 /* SkippoUITests */,
			);
		};
/* End PBXProject section */

/* Begin PBXResourcesBuildPhase section */
		A42B4DE91DC4259300189153 /* Resources */ = {
			isa = PBXResourcesBuildPhase;
			buildActionMask = 2147483647;
			files = (
				A42B4DF91DC4259400189153 /* LaunchScreen.storyboard in Resources */,
				A438B9941DC484A7006683A0 /* decision8.mp3 in Resources */,
				A42B4DF61DC4259400189153 /* Assets.xcassets in Resources */,
				A42B4DF41DC4259400189153 /* Main.storyboard in Resources */,
			);
			runOnlyForDeploymentPostprocessing = 0;
		};
		A42B4DFD1DC4259400189153 /* Resources */ = {
			isa = PBXResourcesBuildPhase;
			buildActionMask = 2147483647;
			files = (
			);
			runOnlyForDeploymentPostprocessing = 0;
		};
		A42B4E081DC4259400189153 /* Resources */ = {
			isa = PBXResourcesBuildPhase;
			buildActionMask = 2147483647;
			files = (
			);
			runOnlyForDeploymentPostprocessing = 0;
		};
/* End PBXResourcesBuildPhase section */

/* Begin PBXSourcesBuildPhase section */
		A42B4DE71DC4259300189153 /* Sources */ = {
			isa = PBXSourcesBuildPhase;
			buildActionMask = 2147483647;
			files = (
				A461279C1DC5B34C008B662F /* MenuModel.swift in Sources */,
				A4DD96911DCC820D00821636 /* QRCodeReaderViewControllerBuilder.swift in Sources */,
				A4DD968E1DCC820D00821636 /* QRCodeReaderView.swift in Sources */,
				A42B4DF11DC4259400189153 /* ViewController.swift in Sources */,
				A4DD96941DCC820D00821636 /* SwitchCameraButton.swift in Sources */,
				A4DD96951DCC820D00821636 /* ToggleTorchButton.swift in Sources */,
				A4DD96931DCC820D00821636 /* ReaderOverlayView.swift in Sources */,
				A4DD968C1DCC820D00821636 /* QRCodeReader.swift in Sources */,
				A4A5A7411DCCC6E000FB4856 /* ResultModel.swift in Sources */,
				A4A5A7451DCCCE4100FB4856 /* Total.swift in Sources */,
				A42B4DEF1DC4259400189153 /* AppDelegate.swift in Sources */,
				A461279A1DC5B343008B662F /* Menu.swift in Sources */,
				A4A410BE1DC43C99009DEE47 /* ResultTableViewCell.swift in Sources */,
				A4A410BC1DC43BC4009DEE47 /* ResultViewController.swift in Sources */,
				A4DD968D1DCC820D00821636 /* QRCodeReaderResult.swift in Sources */,
				A461279E1DC5B6D5008B662F /* SwiftyJSON.swift in Sources */,
				A4DD96901DCC820D00821636 /* QRCodeReaderViewController.swift in Sources */,
				A4FE1AE01DC472830025AB6D /* UIView.swift in Sources */,
				A4DD968F1DCC820D00821636 /* QRCodeReaderViewContainer.swift in Sources */,
				A4DD96921DCC820D00821636 /* QRCodeReaderViewControllerDelegate.swift in Sources */,
				A4FE1ADE1DC46D2D0025AB6D /* UIColor.swift in Sources */,
			);
			runOnlyForDeploymentPostprocessing = 0;
		};
		A42B4DFB1DC4259400189153 /* Sources */ = {
			isa = PBXSourcesBuildPhase;
			buildActionMask = 2147483647;
			files = (
				A42B4E041DC4259400189153 /* SkippoTests.swift in Sources */,
			);
			runOnlyForDeploymentPostprocessing = 0;
		};
		A42B4E061DC4259400189153 /* Sources */ = {
			isa = PBXSourcesBuildPhase;
			buildActionMask = 2147483647;
			files = (
				A42B4E0F1DC4259400189153 /* SkippoUITests.swift in Sources */,
			);
			runOnlyForDeploymentPostprocessing = 0;
		};
/* End PBXSourcesBuildPhase section */

/* Begin PBXTargetDependency section */
		A42B4E011DC4259400189153 /* PBXTargetDependency */ = {
			isa = PBXTargetDependency;
			target = A42B4DEA1DC4259300189153 /* Skippo */;
			targetProxy = A42B4E001DC4259400189153 /* PBXContainerItemProxy */;
		};
		A42B4E0C1DC4259400189153 /* PBXTargetDependency */ = {
			isa = PBXTargetDependency;
			target = A42B4DEA1DC4259300189153 /* Skippo */;
			targetProxy = A42B4E0B1DC4259400189153 /* PBXContainerItemProxy */;
		};
/* End PBXTargetDependency section */

/* Begin PBXVariantGroup section */
		A42B4DF21DC4259400189153 /* Main.storyboard */ = {
			isa = PBXVariantGroup;
			children = (
				A42B4DF31DC4259400189153 /* Base */,
			);
			name = Main.storyboard;
			sourceTree = "<group>";
		};
		A42B4DF71DC4259400189153 /* LaunchScreen.storyboard */ = {
			isa = PBXVariantGroup;
			children = (
				A42B4DF81DC4259400189153 /* Base */,
			);
			name = LaunchScreen.storyboard;
			sourceTree = "<group>";
		};
/* End PBXVariantGroup section */

/* Begin XCBuildConfiguration section */
		A42B4E111DC4259400189153 /* Debug */ = {
			isa = XCBuildConfiguration;
			buildSettings = {
				ALWAYS_SEARCH_USER_PATHS = NO;
				CLANG_ANALYZER_NONNULL = YES;
				CLANG_CXX_LANGUAGE_STANDARD = "gnu++0x";
				CLANG_CXX_LIBRARY = "libc++";
				CLANG_ENABLE_MODULES = YES;
				CLANG_ENABLE_OBJC_ARC = YES;
				CLANG_WARN_BOOL_CONVERSION = YES;
				CLANG_WARN_CONSTANT_CONVERSION = YES;
				CLANG_WARN_DIRECT_OBJC_ISA_USAGE = YES_ERROR;
				CLANG_WARN_DOCUMENTATION_COMMENTS = YES;
				CLANG_WARN_EMPTY_BODY = YES;
				CLANG_WARN_ENUM_CONVERSION = YES;
				CLANG_WARN_INFINITE_RECURSION = YES;
				CLANG_WARN_INT_CONVERSION = YES;
				CLANG_WARN_OBJC_ROOT_CLASS = YES_ERROR;
				CLANG_WARN_SUSPICIOUS_MOVE = YES;
				CLANG_WARN_SUSPICIOUS_MOVES = YES;
				CLANG_WARN_UNREACHABLE_CODE = YES;
				CLANG_WARN__DUPLICATE_METHOD_MATCH = YES;
				"CODE_SIGN_IDENTITY[sdk=iphoneos*]" = "iPhone Developer";
				COPY_PHASE_STRIP = NO;
				DEBUG_INFORMATION_FORMAT = dwarf;
				ENABLE_STRICT_OBJC_MSGSEND = YES;
				ENABLE_TESTABILITY = YES;
				GCC_C_LANGUAGE_STANDARD = gnu99;
				GCC_DYNAMIC_NO_PIC = NO;
				GCC_NO_COMMON_BLOCKS = YES;
				GCC_OPTIMIZATION_LEVEL = 0;
				GCC_PREPROCESSOR_DEFINITIONS = (
					"DEBUG=1",
					"$(inherited)",
				);
				GCC_WARN_64_TO_32_BIT_CONVERSION = YES;
				GCC_WARN_ABOUT_RETURN_TYPE = YES_ERROR;
				GCC_WARN_UNDECLARED_SELECTOR = YES;
				GCC_WARN_UNINITIALIZED_AUTOS = YES_AGGRESSIVE;
				GCC_WARN_UNUSED_FUNCTION = YES;
				GCC_WARN_UNUSED_VARIABLE = YES;
				IPHONEOS_DEPLOYMENT_TARGET = 10.0;
				MTL_ENABLE_DEBUG_INFO = YES;
				ONLY_ACTIVE_ARCH = YES;
				SDKROOT = iphoneos;
				SWIFT_ACTIVE_COMPILATION_CONDITIONS = DEBUG;
				SWIFT_OPTIMIZATION_LEVEL = "-Onone";
				TARGETED_DEVICE_FAMILY = 2;
			};
			name = Debug;
		};
		A42B4E121DC4259400189153 /* Release */ = {
			isa = XCBuildConfiguration;
			buildSettings = {
				ALWAYS_SEARCH_USER_PATHS = NO;
				CLANG_ANALYZER_NONNULL = YES;
				CLANG_CXX_LANGUAGE_STANDARD = "gnu++0x";
				CLANG_CXX_LIBRARY = "libc++";
				CLANG_ENABLE_MODULES = YES;
				CLANG_ENABLE_OBJC_ARC = YES;
				CLANG_WARN_BOOL_CONVERSION = YES;
				CLANG_WARN_CONSTANT_CONVERSION = YES;
				CLANG_WARN_DIRECT_OBJC_ISA_USAGE = YES_ERROR;
				CLANG_WARN_DOCUMENTATION_COMMENTS = YES;
				CLANG_WARN_EMPTY_BODY = YES;
				CLANG_WARN_ENUM_CONVERSION = YES;
				CLANG_WARN_INFINITE_RECURSION = YES;
				CLANG_WARN_INT_CONVERSION = YES;
				CLANG_WARN_OBJC_ROOT_CLASS = YES_ERROR;
				CLANG_WARN_SUSPICIOUS_MOVE = YES;
				CLANG_WARN_SUSPICIOUS_MOVES = YES;
				CLANG_WARN_UNREACHABLE_CODE = YES;
				CLANG_WARN__DUPLICATE_METHOD_MATCH = YES;
				"CODE_SIGN_IDENTITY[sdk=iphoneos*]" = "iPhone Developer";
				COPY_PHASE_STRIP = NO;
				DEBUG_INFORMATION_FORMAT = "dwarf-with-dsym";
				ENABLE_NS_ASSERTIONS = NO;
				ENABLE_STRICT_OBJC_MSGSEND = YES;
				GCC_C_LANGUAGE_STANDARD = gnu99;
				GCC_NO_COMMON_BLOCKS = YES;
				GCC_WARN_64_TO_32_BIT_CONVERSION = YES;
				GCC_WARN_ABOUT_RETURN_TYPE = YES_ERROR;
				GCC_WARN_UNDECLARED_SELECTOR = YES;
				GCC_WARN_UNINITIALIZED_AUTOS = YES_AGGRESSIVE;
				GCC_WARN_UNUSED_FUNCTION = YES;
				GCC_WARN_UNUSED_VARIABLE = YES;
				IPHONEOS_DEPLOYMENT_TARGET = 10.0;
				MTL_ENABLE_DEBUG_INFO = NO;
				SDKROOT = iphoneos;
				SWIFT_OPTIMIZATION_LEVEL = "-Owholemodule";
				TARGETED_DEVICE_FAMILY = 2;
				VALIDATE_PRODUCT = YES;
			};
			name = Release;
		};
		A42B4E141DC4259400189153 /* Debug */ = {
			isa = XCBuildConfiguration;
			buildSettings = {
				ALWAYS_EMBED_SWIFT_STANDARD_LIBRARIES = YES;
				ASSETCATALOG_COMPILER_APPICON_NAME = AppIcon;
				DEVELOPMENT_TEAM = 2E5E462W28;
				INFOPLIST_FILE = Skippo/Info.plist;
				IPHONEOS_DEPLOYMENT_TARGET = 9.3;
				LD_RUNPATH_SEARCH_PATHS = "$(inherited) @executable_path/Frameworks";
				PRODUCT_BUNDLE_IDENTIFIER = com.planningdev.Skippo;
				PRODUCT_NAME = "$(TARGET_NAME)";
				SWIFT_OPTIMIZATION_LEVEL = "-O";
				SWIFT_VERSION = 3.0;
				TARGETED_DEVICE_FAMILY = 2;
			};
			name = Debug;
		};
		A42B4E151DC4259400189153 /* Release */ = {
			isa = XCBuildConfiguration;
			buildSettings = {
				ALWAYS_EMBED_SWIFT_STANDARD_LIBRARIES = YES;
				ASSETCATALOG_COMPILER_APPICON_NAME = AppIcon;
				DEVELOPMENT_TEAM = 2E5E462W28;
				INFOPLIST_FILE = Skippo/Info.plist;
				IPHONEOS_DEPLOYMENT_TARGET = 9.3;
				LD_RUNPATH_SEARCH_PATHS = "$(inherited) @executable_path/Frameworks";
				PRODUCT_BUNDLE_IDENTIFIER = com.planningdev.Skippo;
				PRODUCT_NAME = "$(TARGET_NAME)";
				SWIFT_OPTIMIZATION_LEVEL = "-Owholemodule";
				SWIFT_VERSION = 3.0;
				TARGETED_DEVICE_FAMILY = 2;
			};
			name = Release;
		};
		A42B4E171DC4259400189153 /* Debug */ = {
			isa = XCBuildConfiguration;
			buildSettings = {
				ALWAYS_EMBED_SWIFT_STANDARD_LIBRARIES = YES;
				BUNDLE_LOADER = "$(TEST_HOST)";
				INFOPLIST_FILE = SkippoTests/Info.plist;
				LD_RUNPATH_SEARCH_PATHS = "$(inherited) @executable_path/Frameworks @loader_path/Frameworks";
				PRODUCT_BUNDLE_IDENTIFIER = com.planningdev.SkippoTests;
				PRODUCT_NAME = "$(TARGET_NAME)";
				SWIFT_VERSION = 3.0;
				TEST_HOST = "$(BUILT_PRODUCTS_DIR)/Skippo.app/Skippo";
			};
			name = Debug;
		};
		A42B4E181DC4259400189153 /* Release */ = {
			isa = XCBuildConfiguration;
			buildSettings = {
				ALWAYS_EMBED_SWIFT_STANDARD_LIBRARIES = YES;
				BUNDLE_LOADER = "$(TEST_HOST)";
				INFOPLIST_FILE = SkippoTests/Info.plist;
				LD_RUNPATH_SEARCH_PATHS = "$(inherited) @executable_path/Frameworks @loader_path/Frameworks";
				PRODUCT_BUNDLE_IDENTIFIER = com.planningdev.SkippoTests;
				PRODUCT_NAME = "$(TARGET_NAME)";
				SWIFT_VERSION = 3.0;
				TEST_HOST = "$(BUILT_PRODUCTS_DIR)/Skippo.app/Skippo";
			};
			name = Release;
		};
		A42B4E1A1DC4259400189153 /* Debug */ = {
			isa = XCBuildConfiguration;
			buildSettings = {
				ALWAYS_EMBED_SWIFT_STANDARD_LIBRARIES = YES;
				INFOPLIST_FILE = SkippoUITests/Info.plist;
				LD_RUNPATH_SEARCH_PATHS = "$(inherited) @executable_path/Frameworks @loader_path/Frameworks";
				PRODUCT_BUNDLE_IDENTIFIER = com.planningdev.SkippoUITests;
				PRODUCT_NAME = "$(TARGET_NAME)";
				SWIFT_VERSION = 3.0;
				TEST_TARGET_NAME = Skippo;
			};
			name = Debug;
		};
		A42B4E1B1DC4259400189153 /* Release */ = {
			isa = XCBuildConfiguration;
			buildSettings = {
				ALWAYS_EMBED_SWIFT_STANDARD_LIBRARIES = YES;
				INFOPLIST_FILE = SkippoUITests/Info.plist;
				LD_RUNPATH_SEARCH_PATHS = "$(inherited) @executable_path/Frameworks @loader_path/Frameworks";
				PRODUCT_BUNDLE_IDENTIFIER = com.planningdev.SkippoUITests;
				PRODUCT_NAME = "$(TARGET_NAME)";
				SWIFT_VERSION = 3.0;
				TEST_TARGET_NAME = Skippo;
			};
			name = Release;
		};
/* End XCBuildConfiguration section */

/* Begin XCConfigurationList section */
		A42B4DE61DC4259300189153 /* Build configuration list for PBXProject "Skippo" */ = {
			isa = XCConfigurationList;
			buildConfigurations = (
				A42B4E111DC4259400189153 /* Debug */,
				A42B4E121DC4259400189153 /* Release */,
			);
			defaultConfigurationIsVisible = 0;
			defaultConfigurationName = Release;
		};
		A42B4E131DC4259400189153 /* Build configuration list for PBXNativeTarget "Skippo" */ = {
			isa = XCConfigurationList;
			buildConfigurations = (
				A42B4E141DC4259400189153 /* Debug */,
				A42B4E151DC4259400189153 /* Release */,
			);
			defaultConfigurationIsVisible = 0;
			defaultConfigurationName = Release;
		};
		A42B4E161DC4259400189153 /* Build configuration list for PBXNativeTarget "SkippoTests" */ = {
			isa = XCConfigurationList;
			buildConfigurations = (
				A42B4E171DC4259400189153 /* Debug */,
				A42B4E181DC4259400189153 /* Release */,
			);
			defaultConfigurationIsVisible = 0;
			defaultConfigurationName = Release;
		};
		A42B4E191DC4259400189153 /* Build configuration list for PBXNativeTarget "SkippoUITests" */ = {
			isa = XCConfigurationList;
			buildConfigurations = (
				A42B4E1A1DC4259400189153 /* Debug */,
				A42B4E1B1DC4259400189153 /* Release */,
			);
			defaultConfigurationIsVisible = 0;
			defaultConfigurationName = Release;
		};
/* End XCConfigurationList section */
	};
	rootObject = A42B4DE31DC4259300189153 /* Project object */;
}
