// !$*UTF8*$!
{
	archiveVersion = 1;
	classes = {
	};
	objectVersion = 46;
	objects = {

/* Begin PBXBuildFile section */
		2C924B4F1DC4770900EBE097 /* StoreTableViewCell.swift in Sources */ = {isa = PBXBuildFile; fileRef = 2C924B4E1DC4770900EBE097 /* StoreTableViewCell.swift */; };
		2C924B511DC47E1A00EBE097 /* FavoriteStoreCollectionViewCell.swift in Sources */ = {isa = PBXBuildFile; fileRef = 2C924B501DC47E1A00EBE097 /* FavoriteStoreCollectionViewCell.swift */; };
		2C924B531DC47ED000EBE097 /* FavoriteViewController.swift in Sources */ = {isa = PBXBuildFile; fileRef = 2C924B521DC47ED000EBE097 /* FavoriteViewController.swift */; };
		2C924B551DC4977A00EBE097 /* MenuViewController.swift in Sources */ = {isa = PBXBuildFile; fileRef = 2C924B541DC4977A00EBE097 /* MenuViewController.swift */; };
		2C924B571DC4A46100EBE097 /* MenuCollectionViewCell.swift in Sources */ = {isa = PBXBuildFile; fileRef = 2C924B561DC4A46100EBE097 /* MenuCollectionViewCell.swift */; };
		2C924B591DC4A59000EBE097 /* MenuDetailViewController.swift in Sources */ = {isa = PBXBuildFile; fileRef = 2C924B581DC4A59000EBE097 /* MenuDetailViewController.swift */; };
		2CE1D7151DC42C4100E12527 /* AppDelegate.swift in Sources */ = {isa = PBXBuildFile; fileRef = 2CE1D7141DC42C4100E12527 /* AppDelegate.swift */; };
		2CE1D7171DC42C4100E12527 /* ViewController.swift in Sources */ = {isa = PBXBuildFile; fileRef = 2CE1D7161DC42C4100E12527 /* ViewController.swift */; };
		2CE1D71A1DC42C4100E12527 /* Main.storyboard in Resources */ = {isa = PBXBuildFile; fileRef = 2CE1D7181DC42C4100E12527 /* Main.storyboard */; };
		2CE1D71C1DC42C4100E12527 /* Assets.xcassets in Resources */ = {isa = PBXBuildFile; fileRef = 2CE1D71B1DC42C4100E12527 /* Assets.xcassets */; };
		2CE1D71F1DC42C4100E12527 /* LaunchScreen.storyboard in Resources */ = {isa = PBXBuildFile; fileRef = 2CE1D71D1DC42C4100E12527 /* LaunchScreen.storyboard */; };
		2CE1D72A1DC42C4200E12527 /* SkippoTests.swift in Sources */ = {isa = PBXBuildFile; fileRef = 2CE1D7291DC42C4200E12527 /* SkippoTests.swift */; };
		2CE1D7351DC42C4200E12527 /* SkippoUITests.swift in Sources */ = {isa = PBXBuildFile; fileRef = 2CE1D7341DC42C4200E12527 /* SkippoUITests.swift */; };
		2CF67B301DC4373100DE4D7A /* TopViewController.swift in Sources */ = {isa = PBXBuildFile; fileRef = 2CF67B2F1DC4373100DE4D7A /* TopViewController.swift */; };
		2CF67B321DC43A1700DE4D7A /* NearByViewController.swift in Sources */ = {isa = PBXBuildFile; fileRef = 2CF67B311DC43A1700DE4D7A /* NearByViewController.swift */; };
		2CF67B3A1DC444BC00DE4D7A /* CAPSPageMenu.swift in Sources */ = {isa = PBXBuildFile; fileRef = 2CF67B391DC444BC00DE4D7A /* CAPSPageMenu.swift */; };
		2CF67B5B1DC46DB400DE4D7A /* UIColor.swift in Sources */ = {isa = PBXBuildFile; fileRef = 2CF67B5A1DC46DB400DE4D7A /* UIColor.swift */; };
/* End PBXBuildFile section */

/* Begin PBXContainerItemProxy section */
		2CE1D7261DC42C4200E12527 /* PBXContainerItemProxy */ = {
			isa = PBXContainerItemProxy;
			containerPortal = 2CE1D7091DC42C4100E12527 /* Project object */;
			proxyType = 1;
			remoteGlobalIDString = 2CE1D7101DC42C4100E12527;
			remoteInfo = Skippo;
		};
		2CE1D7311DC42C4200E12527 /* PBXContainerItemProxy */ = {
			isa = PBXContainerItemProxy;
			containerPortal = 2CE1D7091DC42C4100E12527 /* Project object */;
			proxyType = 1;
			remoteGlobalIDString = 2CE1D7101DC42C4100E12527;
			remoteInfo = Skippo;
		};
/* End PBXContainerItemProxy section */

/* Begin PBXFileReference section */
		2C924B4E1DC4770900EBE097 /* StoreTableViewCell.swift */ = {isa = PBXFileReference; fileEncoding = 4; lastKnownFileType = sourcecode.swift; path = StoreTableViewCell.swift; sourceTree = "<group>"; };
		2C924B501DC47E1A00EBE097 /* FavoriteStoreCollectionViewCell.swift */ = {isa = PBXFileReference; fileEncoding = 4; lastKnownFileType = sourcecode.swift; path = FavoriteStoreCollectionViewCell.swift; sourceTree = "<group>"; };
		2C924B521DC47ED000EBE097 /* FavoriteViewController.swift */ = {isa = PBXFileReference; fileEncoding = 4; lastKnownFileType = sourcecode.swift; path = FavoriteViewController.swift; sourceTree = "<group>"; };
		2C924B541DC4977A00EBE097 /* MenuViewController.swift */ = {isa = PBXFileReference; fileEncoding = 4; lastKnownFileType = sourcecode.swift; path = MenuViewController.swift; sourceTree = "<group>"; };
		2C924B561DC4A46100EBE097 /* MenuCollectionViewCell.swift */ = {isa = PBXFileReference; fileEncoding = 4; lastKnownFileType = sourcecode.swift; path = MenuCollectionViewCell.swift; sourceTree = "<group>"; };
		2C924B581DC4A59000EBE097 /* MenuDetailViewController.swift */ = {isa = PBXFileReference; fileEncoding = 4; lastKnownFileType = sourcecode.swift; path = MenuDetailViewController.swift; sourceTree = "<group>"; };
		2CE1D7111DC42C4100E12527 /* Skippo.app */ = {isa = PBXFileReference; explicitFileType = wrapper.application; includeInIndex = 0; path = Skippo.app; sourceTree = BUILT_PRODUCTS_DIR; };
		2CE1D7141DC42C4100E12527 /* AppDelegate.swift */ = {isa = PBXFileReference; lastKnownFileType = sourcecode.swift; path = AppDelegate.swift; sourceTree = "<group>"; };
		2CE1D7161DC42C4100E12527 /* ViewController.swift */ = {isa = PBXFileReference; lastKnownFileType = sourcecode.swift; path = ViewController.swift; sourceTree = "<group>"; };
		2CE1D7191DC42C4100E12527 /* Base */ = {isa = PBXFileReference; lastKnownFileType = file.storyboard; name = Base; path = Base.lproj/Main.storyboard; sourceTree = "<group>"; };
		2CE1D71B1DC42C4100E12527 /* Assets.xcassets */ = {isa = PBXFileReference; lastKnownFileType = folder.assetcatalog; path = Assets.xcassets; sourceTree = "<group>"; };
		2CE1D71E1DC42C4100E12527 /* Base */ = {isa = PBXFileReference; lastKnownFileType = file.storyboard; name = Base; path = Base.lproj/LaunchScreen.storyboard; sourceTree = "<group>"; };
		2CE1D7201DC42C4100E12527 /* Info.plist */ = {isa = PBXFileReference; lastKnownFileType = text.plist.xml; path = Info.plist; sourceTree = "<group>"; };
		2CE1D7251DC42C4200E12527 /* SkippoTests.xctest */ = {isa = PBXFileReference; explicitFileType = wrapper.cfbundle; includeInIndex = 0; path = SkippoTests.xctest; sourceTree = BUILT_PRODUCTS_DIR; };
		2CE1D7291DC42C4200E12527 /* SkippoTests.swift */ = {isa = PBXFileReference; lastKnownFileType = sourcecode.swift; path = SkippoTests.swift; sourceTree = "<group>"; };
		2CE1D72B1DC42C4200E12527 /* Info.plist */ = {isa = PBXFileReference; lastKnownFileType = text.plist.xml; path = Info.plist; sourceTree = "<group>"; };
		2CE1D7301DC42C4200E12527 /* SkippoUITests.xctest */ = {isa = PBXFileReference; explicitFileType = wrapper.cfbundle; includeInIndex = 0; path = SkippoUITests.xctest; sourceTree = BUILT_PRODUCTS_DIR; };
		2CE1D7341DC42C4200E12527 /* SkippoUITests.swift */ = {isa = PBXFileReference; lastKnownFileType = sourcecode.swift; path = SkippoUITests.swift; sourceTree = "<group>"; };
		2CE1D7361DC42C4200E12527 /* Info.plist */ = {isa = PBXFileReference; lastKnownFileType = text.plist.xml; path = Info.plist; sourceTree = "<group>"; };
		2CF67B2C1DC4344C00DE4D7A /* Skippo-Bridging-Header.h */ = {isa = PBXFileReference; lastKnownFileType = sourcecode.c.h; path = "Skippo-Bridging-Header.h"; sourceTree = "<group>"; };
		2CF67B2F1DC4373100DE4D7A /* TopViewController.swift */ = {isa = PBXFileReference; fileEncoding = 4; lastKnownFileType = sourcecode.swift; path = TopViewController.swift; sourceTree = "<group>"; };
		2CF67B311DC43A1700DE4D7A /* NearByViewController.swift */ = {isa = PBXFileReference; fileEncoding = 4; lastKnownFileType = sourcecode.swift; path = NearByViewController.swift; sourceTree = "<group>"; };
		2CF67B391DC444BC00DE4D7A /* CAPSPageMenu.swift */ = {isa = PBXFileReference; fileEncoding = 4; lastKnownFileType = sourcecode.swift; path = CAPSPageMenu.swift; sourceTree = "<group>"; };
		2CF67B5A1DC46DB400DE4D7A /* UIColor.swift */ = {isa = PBXFileReference; fileEncoding = 4; lastKnownFileType = sourcecode.swift; path = UIColor.swift; sourceTree = "<group>"; };
/* End PBXFileReference section */

/* Begin PBXFrameworksBuildPhase section */
		2CE1D70E1DC42C4100E12527 /* Frameworks */ = {
			isa = PBXFrameworksBuildPhase;
			buildActionMask = 2147483647;
			files = (
			);
			runOnlyForDeploymentPostprocessing = 0;
		};
		2CE1D7221DC42C4200E12527 /* Frameworks */ = {
			isa = PBXFrameworksBuildPhase;
			buildActionMask = 2147483647;
			files = (
			);
			runOnlyForDeploymentPostprocessing = 0;
		};
		2CE1D72D1DC42C4200E12527 /* Frameworks */ = {
			isa = PBXFrameworksBuildPhase;
			buildActionMask = 2147483647;
			files = (
			);
			runOnlyForDeploymentPostprocessing = 0;
		};
/* End PBXFrameworksBuildPhase section */

/* Begin PBXGroup section */
		2CE1D7081DC42C4100E12527 = {
			isa = PBXGroup;
			children = (
				2CE1D7131DC42C4100E12527 /* Skippo */,
				2CE1D7281DC42C4200E12527 /* SkippoTests */,
				2CE1D7331DC42C4200E12527 /* SkippoUITests */,
				2CE1D7121DC42C4100E12527 /* Products */,
				2CF67B2C1DC4344C00DE4D7A /* Skippo-Bridging-Header.h */,
			);
			sourceTree = "<group>";
		};
		2CE1D7121DC42C4100E12527 /* Products */ = {
			isa = PBXGroup;
			children = (
				2CE1D7111DC42C4100E12527 /* Skippo.app */,
				2CE1D7251DC42C4200E12527 /* SkippoTests.xctest */,
				2CE1D7301DC42C4200E12527 /* SkippoUITests.xctest */,
			);
			name = Products;
			sourceTree = "<group>";
		};
		2CE1D7131DC42C4100E12527 /* Skippo */ = {
			isa = PBXGroup;
			children = (
				2C924B4E1DC4770900EBE097 /* StoreTableViewCell.swift */,
				2CE1D7141DC42C4100E12527 /* AppDelegate.swift */,
				2CE1D7161DC42C4100E12527 /* ViewController.swift */,
				2CE1D7181DC42C4100E12527 /* Main.storyboard */,
				2C924B541DC4977A00EBE097 /* MenuViewController.swift */,
				2C924B521DC47ED000EBE097 /* FavoriteViewController.swift */,
				2C924B581DC4A59000EBE097 /* MenuDetailViewController.swift */,
				2C924B501DC47E1A00EBE097 /* FavoriteStoreCollectionViewCell.swift */,
				2C924B561DC4A46100EBE097 /* MenuCollectionViewCell.swift */,
				2CF67B391DC444BC00DE4D7A /* CAPSPageMenu.swift */,
				2CF67B5A1DC46DB400DE4D7A /* UIColor.swift */,
				2CF67B311DC43A1700DE4D7A /* NearByViewController.swift */,
				2CF67B2F1DC4373100DE4D7A /* TopViewController.swift */,
				2CE1D71B1DC42C4100E12527 /* Assets.xcassets */,
				2CE1D71D1DC42C4100E12527 /* LaunchScreen.storyboard */,
				2CE1D7201DC42C4100E12527 /* Info.plist */,
			);
			path = Skippo;
			sourceTree = "<group>";
		};
		2CE1D7281DC42C4200E12527 /* SkippoTests */ = {
			isa = PBXGroup;
			children = (
				2CE1D7291DC42C4200E12527 /* SkippoTests.swift */,
				2CE1D72B1DC42C4200E12527 /* Info.plist */,
			);
			path = SkippoTests;
			sourceTree = "<group>";
		};
		2CE1D7331DC42C4200E12527 /* SkippoUITests */ = {
			isa = PBXGroup;
			children = (
				2CE1D7341DC42C4200E12527 /* SkippoUITests.swift */,
				2CE1D7361DC42C4200E12527 /* Info.plist */,
			);
			path = SkippoUITests;
			sourceTree = "<group>";
		};
/* End PBXGroup section */

/* Begin PBXNativeTarget section */
		2CE1D7101DC42C4100E12527 /* Skippo */ = {
			isa = PBXNativeTarget;
			buildConfigurationList = 2CE1D7391DC42C4200E12527 /* Build configuration list for PBXNativeTarget "Skippo" */;
			buildPhases = (
				2CE1D70D1DC42C4100E12527 /* Sources */,
				2CE1D70E1DC42C4100E12527 /* Frameworks */,
				2CE1D70F1DC42C4100E12527 /* Resources */,
			);
			buildRules = (
			);
			dependencies = (
			);
			name = Skippo;
			productName = Skippo;
			productReference = 2CE1D7111DC42C4100E12527 /* Skippo.app */;
			productType = "com.apple.product-type.application";
		};
		2CE1D7241DC42C4200E12527 /* SkippoTests */ = {
			isa = PBXNativeTarget;
			buildConfigurationList = 2CE1D73C1DC42C4200E12527 /* Build configuration list for PBXNativeTarget "SkippoTests" */;
			buildPhases = (
				2CE1D7211DC42C4200E12527 /* Sources */,
				2CE1D7221DC42C4200E12527 /* Frameworks */,
				2CE1D7231DC42C4200E12527 /* Resources */,
			);
			buildRules = (
			);
			dependencies = (
				2CE1D7271DC42C4200E12527 /* PBXTargetDependency */,
			);
			name = SkippoTests;
			productName = SkippoTests;
			productReference = 2CE1D7251DC42C4200E12527 /* SkippoTests.xctest */;
			productType = "com.apple.product-type.bundle.unit-test";
		};
		2CE1D72F1DC42C4200E12527 /* SkippoUITests */ = {
			isa = PBXNativeTarget;
			buildConfigurationList = 2CE1D73F1DC42C4200E12527 /* Build configuration list for PBXNativeTarget "SkippoUITests" */;
			buildPhases = (
				2CE1D72C1DC42C4200E12527 /* Sources */,
				2CE1D72D1DC42C4200E12527 /* Frameworks */,
				2CE1D72E1DC42C4200E12527 /* Resources */,
			);
			buildRules = (
			);
			dependencies = (
				2CE1D7321DC42C4200E12527 /* PBXTargetDependency */,
			);
			name = SkippoUITests;
			productName = SkippoUITests;
			productReference = 2CE1D7301DC42C4200E12527 /* SkippoUITests.xctest */;
			productType = "com.apple.product-type.bundle.ui-testing";
		};
/* End PBXNativeTarget section */

/* Begin PBXProject section */
		2CE1D7091DC42C4100E12527 /* Project object */ = {
			isa = PBXProject;
			attributes = {
				LastSwiftUpdateCheck = 0810;
				LastUpgradeCheck = 0810;
				TargetAttributes = {
					2CE1D7101DC42C4100E12527 = {
						CreatedOnToolsVersion = 8.1;
						DevelopmentTeam = 2E5E462W28;
						LastSwiftMigration = 0810;
						ProvisioningStyle = Automatic;
					};
					2CE1D7241DC42C4200E12527 = {
						CreatedOnToolsVersion = 8.1;
						ProvisioningStyle = Automatic;
						TestTargetID = 2CE1D7101DC42C4100E12527;
					};
					2CE1D72F1DC42C4200E12527 = {
						CreatedOnToolsVersion = 8.1;
						ProvisioningStyle = Automatic;
						TestTargetID = 2CE1D7101DC42C4100E12527;
					};
				};
			};
			buildConfigurationList = 2CE1D70C1DC42C4100E12527 /* Build configuration list for PBXProject "Skippo" */;
			compatibilityVersion = "Xcode 3.2";
			developmentRegion = English;
			hasScannedForEncodings = 0;
			knownRegions = (
				en,
				Base,
			);
			mainGroup = 2CE1D7081DC42C4100E12527;
			productRefGroup = 2CE1D7121DC42C4100E12527 /* Products */;
			projectDirPath = "";
			projectRoot = "";
			targets = (
				2CE1D7101DC42C4100E12527 /* Skippo */,
				2CE1D7241DC42C4200E12527 /* SkippoTests */,
				2CE1D72F1DC42C4200E12527 /* SkippoUITests */,
			);
		};
/* End PBXProject section */

/* Begin PBXResourcesBuildPhase section */
		2CE1D70F1DC42C4100E12527 /* Resources */ = {
			isa = PBXResourcesBuildPhase;
			buildActionMask = 2147483647;
			files = (
				2CE1D71F1DC42C4100E12527 /* LaunchScreen.storyboard in Resources */,
				2CE1D71C1DC42C4100E12527 /* Assets.xcassets in Resources */,
				2CE1D71A1DC42C4100E12527 /* Main.storyboard in Resources */,
			);
			runOnlyForDeploymentPostprocessing = 0;
		};
		2CE1D7231DC42C4200E12527 /* Resources */ = {
			isa = PBXResourcesBuildPhase;
			buildActionMask = 2147483647;
			files = (
			);
			runOnlyForDeploymentPostprocessing = 0;
		};
		2CE1D72E1DC42C4200E12527 /* Resources */ = {
			isa = PBXResourcesBuildPhase;
			buildActionMask = 2147483647;
			files = (
			);
			runOnlyForDeploymentPostprocessing = 0;
		};
/* End PBXResourcesBuildPhase section */

/* Begin PBXSourcesBuildPhase section */
		2CE1D70D1DC42C4100E12527 /* Sources */ = {
			isa = PBXSourcesBuildPhase;
			buildActionMask = 2147483647;
			files = (
				2C924B591DC4A59000EBE097 /* MenuDetailViewController.swift in Sources */,
				2CF67B301DC4373100DE4D7A /* TopViewController.swift in Sources */,
				2C924B551DC4977A00EBE097 /* MenuViewController.swift in Sources */,
				2CF67B5B1DC46DB400DE4D7A /* UIColor.swift in Sources */,
				2CF67B321DC43A1700DE4D7A /* NearByViewController.swift in Sources */,
				2CF67B3A1DC444BC00DE4D7A /* CAPSPageMenu.swift in Sources */,
				2C924B531DC47ED000EBE097 /* FavoriteViewController.swift in Sources */,
				2C924B511DC47E1A00EBE097 /* FavoriteStoreCollectionViewCell.swift in Sources */,
				2C924B571DC4A46100EBE097 /* MenuCollectionViewCell.swift in Sources */,
				2CE1D7171DC42C4100E12527 /* ViewController.swift in Sources */,
				2C924B4F1DC4770900EBE097 /* StoreTableViewCell.swift in Sources */,
				2CE1D7151DC42C4100E12527 /* AppDelegate.swift in Sources */,
			);
			runOnlyForDeploymentPostprocessing = 0;
		};
		2CE1D7211DC42C4200E12527 /* Sources */ = {
			isa = PBXSourcesBuildPhase;
			buildActionMask = 2147483647;
			files = (
				2CE1D72A1DC42C4200E12527 /* SkippoTests.swift in Sources */,
			);
			runOnlyForDeploymentPostprocessing = 0;
		};
		2CE1D72C1DC42C4200E12527 /* Sources */ = {
			isa = PBXSourcesBuildPhase;
			buildActionMask = 2147483647;
			files = (
				2CE1D7351DC42C4200E12527 /* SkippoUITests.swift in Sources */,
			);
			runOnlyForDeploymentPostprocessing = 0;
		};
/* End PBXSourcesBuildPhase section */

/* Begin PBXTargetDependency section */
		2CE1D7271DC42C4200E12527 /* PBXTargetDependency */ = {
			isa = PBXTargetDependency;
			target = 2CE1D7101DC42C4100E12527 /* Skippo */;
			targetProxy = 2CE1D7261DC42C4200E12527 /* PBXContainerItemProxy */;
		};
		2CE1D7321DC42C4200E12527 /* PBXTargetDependency */ = {
			isa = PBXTargetDependency;
			target = 2CE1D7101DC42C4100E12527 /* Skippo */;
			targetProxy = 2CE1D7311DC42C4200E12527 /* PBXContainerItemProxy */;
		};
/* End PBXTargetDependency section */

/* Begin PBXVariantGroup section */
		2CE1D7181DC42C4100E12527 /* Main.storyboard */ = {
			isa = PBXVariantGroup;
			children = (
				2CE1D7191DC42C4100E12527 /* Base */,
			);
			name = Main.storyboard;
			sourceTree = "<group>";
		};
		2CE1D71D1DC42C4100E12527 /* LaunchScreen.storyboard */ = {
			isa = PBXVariantGroup;
			children = (
				2CE1D71E1DC42C4100E12527 /* Base */,
			);
			name = LaunchScreen.storyboard;
			sourceTree = "<group>";
		};
/* End PBXVariantGroup section */

/* Begin XCBuildConfiguration section */
		2CE1D7371DC42C4200E12527 /* Debug */ = {
			isa = XCBuildConfiguration;
			buildSettings = {
				ALWAYS_SEARCH_USER_PATHS = NO;
				CLANG_ANALYZER_NONNULL = YES;
				CLANG_CXX_LANGUAGE_STANDARD = "gnu++0x";
				CLANG_CXX_LIBRARY = "libc++";
				CLANG_ENABLE_MODULES = YES;
				CLANG_ENABLE_OBJC_ARC = YES;
				CLANG_WARN_BOOL_CONVERSION = YES;
				CLANG_WARN_CONSTANT_CONVERSION = YES;
				CLANG_WARN_DIRECT_OBJC_ISA_USAGE = YES_ERROR;
				CLANG_WARN_DOCUMENTATION_COMMENTS = YES;
				CLANG_WARN_EMPTY_BODY = YES;
				CLANG_WARN_ENUM_CONVERSION = YES;
				CLANG_WARN_INFINITE_RECURSION = YES;
				CLANG_WARN_INT_CONVERSION = YES;
				CLANG_WARN_OBJC_ROOT_CLASS = YES_ERROR;
				CLANG_WARN_SUSPICIOUS_MOVES = YES;
				CLANG_WARN_UNREACHABLE_CODE = YES;
				CLANG_WARN__DUPLICATE_METHOD_MATCH = YES;
				"CODE_SIGN_IDENTITY[sdk=iphoneos*]" = "iPhone Developer";
				COPY_PHASE_STRIP = NO;
				DEBUG_INFORMATION_FORMAT = dwarf;
				ENABLE_STRICT_OBJC_MSGSEND = YES;
				ENABLE_TESTABILITY = YES;
				GCC_C_LANGUAGE_STANDARD = gnu99;
				GCC_DYNAMIC_NO_PIC = NO;
				GCC_NO_COMMON_BLOCKS = YES;
				GCC_OPTIMIZATION_LEVEL = 0;
				GCC_PREPROCESSOR_DEFINITIONS = (
					"DEBUG=1",
					"$(inherited)",
				);
				GCC_WARN_64_TO_32_BIT_CONVERSION = YES;
				GCC_WARN_ABOUT_RETURN_TYPE = YES_ERROR;
				GCC_WARN_UNDECLARED_SELECTOR = YES;
				GCC_WARN_UNINITIALIZED_AUTOS = YES_AGGRESSIVE;
				GCC_WARN_UNUSED_FUNCTION = YES;
				GCC_WARN_UNUSED_VARIABLE = YES;
				IPHONEOS_DEPLOYMENT_TARGET = 10.1;
				MTL_ENABLE_DEBUG_INFO = YES;
				ONLY_ACTIVE_ARCH = YES;
				SDKROOT = iphoneos;
				SWIFT_ACTIVE_COMPILATION_CONDITIONS = DEBUG;
				SWIFT_OPTIMIZATION_LEVEL = "-Onone";
			};
			name = Debug;
		};
		2CE1D7381DC42C4200E12527 /* Release */ = {
			isa = XCBuildConfiguration;
			buildSettings = {
				ALWAYS_SEARCH_USER_PATHS = NO;
				CLANG_ANALYZER_NONNULL = YES;
				CLANG_CXX_LANGUAGE_STANDARD = "gnu++0x";
				CLANG_CXX_LIBRARY = "libc++";
				CLANG_ENABLE_MODULES = YES;
				CLANG_ENABLE_OBJC_ARC = YES;
				CLANG_WARN_BOOL_CONVERSION = YES;
				CLANG_WARN_CONSTANT_CONVERSION = YES;
				CLANG_WARN_DIRECT_OBJC_ISA_USAGE = YES_ERROR;
				CLANG_WARN_DOCUMENTATION_COMMENTS = YES;
				CLANG_WARN_EMPTY_BODY = YES;
				CLANG_WARN_ENUM_CONVERSION = YES;
				CLANG_WARN_INFINITE_RECURSION = YES;
				CLANG_WARN_INT_CONVERSION = YES;
				CLANG_WARN_OBJC_ROOT_CLASS = YES_ERROR;
				CLANG_WARN_SUSPICIOUS_MOVES = YES;
				CLANG_WARN_UNREACHABLE_CODE = YES;
				CLANG_WARN__DUPLICATE_METHOD_MATCH = YES;
				"CODE_SIGN_IDENTITY[sdk=iphoneos*]" = "iPhone Developer";
				COPY_PHASE_STRIP = NO;
				DEBUG_INFORMATION_FORMAT = "dwarf-with-dsym";
				ENABLE_NS_ASSERTIONS = NO;
				ENABLE_STRICT_OBJC_MSGSEND = YES;
				GCC_C_LANGUAGE_STANDARD = gnu99;
				GCC_NO_COMMON_BLOCKS = YES;
				GCC_WARN_64_TO_32_BIT_CONVERSION = YES;
				GCC_WARN_ABOUT_RETURN_TYPE = YES_ERROR;
				GCC_WARN_UNDECLARED_SELECTOR = YES;
				GCC_WARN_UNINITIALIZED_AUTOS = YES_AGGRESSIVE;
				GCC_WARN_UNUSED_FUNCTION = YES;
				GCC_WARN_UNUSED_VARIABLE = YES;
				IPHONEOS_DEPLOYMENT_TARGET = 10.1;
				MTL_ENABLE_DEBUG_INFO = NO;
				SDKROOT = iphoneos;
				SWIFT_OPTIMIZATION_LEVEL = "-Owholemodule";
				VALIDATE_PRODUCT = YES;
			};
			name = Release;
		};
		2CE1D73A1DC42C4200E12527 /* Debug */ = {
			isa = XCBuildConfiguration;
			buildSettings = {
				ASSETCATALOG_COMPILER_APPICON_NAME = AppIcon;
				CLANG_ENABLE_MODULES = YES;
				DEVELOPMENT_TEAM = 2E5E462W28;
				INFOPLIST_FILE = Skippo/Info.plist;
				IPHONEOS_DEPLOYMENT_TARGET = 10.0;
				LD_RUNPATH_SEARCH_PATHS = "$(inherited) @executable_path/Frameworks";
				PRODUCT_BUNDLE_IDENTIFIER = com.planningdev.Skippo;
				PRODUCT_NAME = "$(TARGET_NAME)";
				SWIFT_OBJC_BRIDGING_HEADER = "Skippo-Bridging-Header.h";
				SWIFT_OPTIMIZATION_LEVEL = "-Onone";
				SWIFT_VERSION = 3.0;
			};
			name = Debug;
		};
		2CE1D73B1DC42C4200E12527 /* Release */ = {
			isa = XCBuildConfiguration;
			buildSettings = {
				ASSETCATALOG_COMPILER_APPICON_NAME = AppIcon;
				CLANG_ENABLE_MODULES = YES;
				DEVELOPMENT_TEAM = 2E5E462W28;
				INFOPLIST_FILE = Skippo/Info.plist;
				IPHONEOS_DEPLOYMENT_TARGET = 10.0;
				LD_RUNPATH_SEARCH_PATHS = "$(inherited) @executable_path/Frameworks";
				PRODUCT_BUNDLE_IDENTIFIER = com.planningdev.Skippo;
				PRODUCT_NAME = "$(TARGET_NAME)";
				SWIFT_OBJC_BRIDGING_HEADER = "Skippo-Bridging-Header.h";
				SWIFT_VERSION = 3.0;
			};
			name = Release;
		};
		2CE1D73D1DC42C4200E12527 /* Debug */ = {
			isa = XCBuildConfiguration;
			buildSettings = {
				ALWAYS_EMBED_SWIFT_STANDARD_LIBRARIES = YES;
				BUNDLE_LOADER = "$(TEST_HOST)";
				INFOPLIST_FILE = SkippoTests/Info.plist;
				LD_RUNPATH_SEARCH_PATHS = "$(inherited) @executable_path/Frameworks @loader_path/Frameworks";
				PRODUCT_BUNDLE_IDENTIFIER = com.planningdev.SkippoTests;
				PRODUCT_NAME = "$(TARGET_NAME)";
				SWIFT_VERSION = 3.0;
				TEST_HOST = "$(BUILT_PRODUCTS_DIR)/Skippo.app/Skippo";
			};
			name = Debug;
		};
		2CE1D73E1DC42C4200E12527 /* Release */ = {
			isa = XCBuildConfiguration;
			buildSettings = {
				ALWAYS_EMBED_SWIFT_STANDARD_LIBRARIES = YES;
				BUNDLE_LOADER = "$(TEST_HOST)";
				INFOPLIST_FILE = SkippoTests/Info.plist;
				LD_RUNPATH_SEARCH_PATHS = "$(inherited) @executable_path/Frameworks @loader_path/Frameworks";
				PRODUCT_BUNDLE_IDENTIFIER = com.planningdev.SkippoTests;
				PRODUCT_NAME = "$(TARGET_NAME)";
				SWIFT_VERSION = 3.0;
				TEST_HOST = "$(BUILT_PRODUCTS_DIR)/Skippo.app/Skippo";
			};
			name = Release;
		};
		2CE1D7401DC42C4200E12527 /* Debug */ = {
			isa = XCBuildConfiguration;
			buildSettings = {
				ALWAYS_EMBED_SWIFT_STANDARD_LIBRARIES = YES;
				INFOPLIST_FILE = SkippoUITests/Info.plist;
				LD_RUNPATH_SEARCH_PATHS = "$(inherited) @executable_path/Frameworks @loader_path/Frameworks";
				PRODUCT_BUNDLE_IDENTIFIER = com.planningdev.SkippoUITests;
				PRODUCT_NAME = "$(TARGET_NAME)";
				SWIFT_VERSION = 3.0;
				TEST_TARGET_NAME = Skippo;
			};
			name = Debug;
		};
		2CE1D7411DC42C4200E12527 /* Release */ = {
			isa = XCBuildConfiguration;
			buildSettings = {
				ALWAYS_EMBED_SWIFT_STANDARD_LIBRARIES = YES;
				INFOPLIST_FILE = SkippoUITests/Info.plist;
				LD_RUNPATH_SEARCH_PATHS = "$(inherited) @executable_path/Frameworks @loader_path/Frameworks";
				PRODUCT_BUNDLE_IDENTIFIER = com.planningdev.SkippoUITests;
				PRODUCT_NAME = "$(TARGET_NAME)";
				SWIFT_VERSION = 3.0;
				TEST_TARGET_NAME = Skippo;
			};
			name = Release;
		};
/* End XCBuildConfiguration section */

/* Begin XCConfigurationList section */
		2CE1D70C1DC42C4100E12527 /* Build configuration list for PBXProject "Skippo" */ = {
			isa = XCConfigurationList;
			buildConfigurations = (
				2CE1D7371DC42C4200E12527 /* Debug */,
				2CE1D7381DC42C4200E12527 /* Release */,
			);
			defaultConfigurationIsVisible = 0;
			defaultConfigurationName = Release;
		};
		2CE1D7391DC42C4200E12527 /* Build configuration list for PBXNativeTarget "Skippo" */ = {
			isa = XCConfigurationList;
			buildConfigurations = (
				2CE1D73A1DC42C4200E12527 /* Debug */,
				2CE1D73B1DC42C4200E12527 /* Release */,
			);
			defaultConfigurationIsVisible = 0;
			defaultConfigurationName = Release;
		};
		2CE1D73C1DC42C4200E12527 /* Build configuration list for PBXNativeTarget "SkippoTests" */ = {
			isa = XCConfigurationList;
			buildConfigurations = (
				2CE1D73D1DC42C4200E12527 /* Debug */,
				2CE1D73E1DC42C4200E12527 /* Release */,
			);
			defaultConfigurationIsVisible = 0;
			defaultConfigurationName = Release;
		};
		2CE1D73F1DC42C4200E12527 /* Build configuration list for PBXNativeTarget "SkippoUITests" */ = {
			isa = XCConfigurationList;
			buildConfigurations = (
				2CE1D7401DC42C4200E12527 /* Debug */,
				2CE1D7411DC42C4200E12527 /* Release */,
			);
			defaultConfigurationIsVisible = 0;
			defaultConfigurationName = Release;
		};
/* End XCConfigurationList section */
	};
	rootObject = 2CE1D7091DC42C4100E12527 /* Project object */;
}
